// !$*UTF8*$!
{
	archiveVersion = 1;
	classes = {
	};
	objectVersion = 50;
	objects = {

/* Begin PBXBuildFile section */
		6A34425D21DBC3D800C92756 /* StudentsListViewController.swift in Sources */ = {isa = PBXBuildFile; fileRef = 6A34425C21DBC3D800C92756 /* StudentsListViewController.swift */; };
		6A418D2321E58B7800604E5F /* AddLocationViewController.swift in Sources */ = {isa = PBXBuildFile; fileRef = 6A418D2221E58B7800604E5F /* AddLocationViewController.swift */; };
		6A42A9CA21C32DDE007FE93F /* AppDelegate.swift in Sources */ = {isa = PBXBuildFile; fileRef = 6A42A9C921C32DDE007FE93F /* AppDelegate.swift */; };
		6A42A9CC21C32DDE007FE93F /* LoginViewController.swift in Sources */ = {isa = PBXBuildFile; fileRef = 6A42A9CB21C32DDE007FE93F /* LoginViewController.swift */; };
		6A42A9CF21C32DDE007FE93F /* Main.storyboard in Resources */ = {isa = PBXBuildFile; fileRef = 6A42A9CD21C32DDE007FE93F /* Main.storyboard */; };
		6A42A9D221C32DDE007FE93F /* Ta_No_Mapa.xcdatamodeld in Sources */ = {isa = PBXBuildFile; fileRef = 6A42A9D021C32DDE007FE93F /* Ta_No_Mapa.xcdatamodeld */; };
		6A42A9D421C32DE2007FE93F /* Assets.xcassets in Resources */ = {isa = PBXBuildFile; fileRef = 6A42A9D321C32DE2007FE93F /* Assets.xcassets */; };
		6A42A9D721C32DE2007FE93F /* LaunchScreen.storyboard in Resources */ = {isa = PBXBuildFile; fileRef = 6A42A9D521C32DE2007FE93F /* LaunchScreen.storyboard */; };
		6A42A9E521C33567007FE93F /* OTMClient.swift in Sources */ = {isa = PBXBuildFile; fileRef = 6A42A9E421C33567007FE93F /* OTMClient.swift */; };
		6A6FB31E21C3DDA500CEA22A /* OTMConstants.swift in Sources */ = {isa = PBXBuildFile; fileRef = 6A6FB31D21C3DDA500CEA22A /* OTMConstants.swift */; };
		6A6FB32021C3DEA200CEA22A /* GCDBlackBox.swift in Sources */ = {isa = PBXBuildFile; fileRef = 6A6FB31F21C3DEA200CEA22A /* GCDBlackBox.swift */; };
		6A6FB32221C3F9C500CEA22A /* SignupViewController.swift in Sources */ = {isa = PBXBuildFile; fileRef = 6A6FB32121C3F9C500CEA22A /* SignupViewController.swift */; };
		6A6FB32421C4007500CEA22A /* Modal.swift in Sources */ = {isa = PBXBuildFile; fileRef = 6A6FB32321C4007500CEA22A /* Modal.swift */; };
		6A6FB32621C4008C00CEA22A /* CustomAlertView.swift in Sources */ = {isa = PBXBuildFile; fileRef = 6A6FB32521C4008C00CEA22A /* CustomAlertView.swift */; };
		6A6FB32821C4259F00CEA22A /* MapViewController.swift in Sources */ = {isa = PBXBuildFile; fileRef = 6A6FB32721C4259F00CEA22A /* MapViewController.swift */; };
		6A6FB32A21C4366B00CEA22A /* ParseStudents.swift in Sources */ = {isa = PBXBuildFile; fileRef = 6A6FB32921C4366B00CEA22A /* ParseStudents.swift */; };
		6A6FB32C21C438CF00CEA22A /* ParseClient.swift in Sources */ = {isa = PBXBuildFile; fileRef = 6A6FB32B21C438CF00CEA22A /* ParseClient.swift */; };
		6A6FB32E21C43ABB00CEA22A /* ParseConstants.swift in Sources */ = {isa = PBXBuildFile; fileRef = 6A6FB32D21C43ABB00CEA22A /* ParseConstants.swift */; };
/* End PBXBuildFile section */

/* Begin PBXFileReference section */
		6A34425C21DBC3D800C92756 /* StudentsListViewController.swift */ = {isa = PBXFileReference; lastKnownFileType = sourcecode.swift; path = StudentsListViewController.swift; sourceTree = "<group>"; };
		6A418D2221E58B7800604E5F /* AddLocationViewController.swift */ = {isa = PBXFileReference; lastKnownFileType = sourcecode.swift; path = AddLocationViewController.swift; sourceTree = "<group>"; };
		6A42A9C621C32DDE007FE93F /* Ta No Mapa.app */ = {isa = PBXFileReference; explicitFileType = wrapper.application; includeInIndex = 0; path = "Ta No Mapa.app"; sourceTree = BUILT_PRODUCTS_DIR; };
		6A42A9C921C32DDE007FE93F /* AppDelegate.swift */ = {isa = PBXFileReference; lastKnownFileType = sourcecode.swift; path = AppDelegate.swift; sourceTree = "<group>"; };
		6A42A9CB21C32DDE007FE93F /* LoginViewController.swift */ = {isa = PBXFileReference; lastKnownFileType = sourcecode.swift; path = LoginViewController.swift; sourceTree = "<group>"; };
		6A42A9CE21C32DDE007FE93F /* Base */ = {isa = PBXFileReference; lastKnownFileType = file.storyboard; name = Base; path = Base.lproj/Main.storyboard; sourceTree = "<group>"; };
		6A42A9D121C32DDE007FE93F /* Ta_No_Mapa.xcdatamodel */ = {isa = PBXFileReference; lastKnownFileType = wrapper.xcdatamodel; path = Ta_No_Mapa.xcdatamodel; sourceTree = "<group>"; };
		6A42A9D321C32DE2007FE93F /* Assets.xcassets */ = {isa = PBXFileReference; lastKnownFileType = folder.assetcatalog; path = Assets.xcassets; sourceTree = "<group>"; };
		6A42A9D621C32DE2007FE93F /* Base */ = {isa = PBXFileReference; lastKnownFileType = file.storyboard; name = Base; path = Base.lproj/LaunchScreen.storyboard; sourceTree = "<group>"; };
		6A42A9D821C32DE2007FE93F /* Info.plist */ = {isa = PBXFileReference; lastKnownFileType = text.plist.xml; path = Info.plist; sourceTree = "<group>"; };
		6A42A9E421C33567007FE93F /* OTMClient.swift */ = {isa = PBXFileReference; lastKnownFileType = sourcecode.swift; path = OTMClient.swift; sourceTree = "<group>"; };
		6A6FB31D21C3DDA500CEA22A /* OTMConstants.swift */ = {isa = PBXFileReference; lastKnownFileType = sourcecode.swift; path = OTMConstants.swift; sourceTree = "<group>"; };
		6A6FB31F21C3DEA200CEA22A /* GCDBlackBox.swift */ = {isa = PBXFileReference; lastKnownFileType = sourcecode.swift; path = GCDBlackBox.swift; sourceTree = "<group>"; };
		6A6FB32121C3F9C500CEA22A /* SignupViewController.swift */ = {isa = PBXFileReference; lastKnownFileType = sourcecode.swift; path = SignupViewController.swift; sourceTree = "<group>"; };
		6A6FB32321C4007500CEA22A /* Modal.swift */ = {isa = PBXFileReference; lastKnownFileType = sourcecode.swift; path = Modal.swift; sourceTree = "<group>"; };
		6A6FB32521C4008C00CEA22A /* CustomAlertView.swift */ = {isa = PBXFileReference; lastKnownFileType = sourcecode.swift; path = CustomAlertView.swift; sourceTree = "<group>"; };
		6A6FB32721C4259F00CEA22A /* MapViewController.swift */ = {isa = PBXFileReference; lastKnownFileType = sourcecode.swift; path = MapViewController.swift; sourceTree = "<group>"; };
		6A6FB32921C4366B00CEA22A /* ParseStudents.swift */ = {isa = PBXFileReference; lastKnownFileType = sourcecode.swift; path = ParseStudents.swift; sourceTree = "<group>"; };
		6A6FB32B21C438CF00CEA22A /* ParseClient.swift */ = {isa = PBXFileReference; lastKnownFileType = sourcecode.swift; path = ParseClient.swift; sourceTree = "<group>"; };
		6A6FB32D21C43ABB00CEA22A /* ParseConstants.swift */ = {isa = PBXFileReference; lastKnownFileType = sourcecode.swift; path = ParseConstants.swift; sourceTree = "<group>"; };
/* End PBXFileReference section */

/* Begin PBXFrameworksBuildPhase section */
		6A42A9C321C32DDE007FE93F /* Frameworks */ = {
			isa = PBXFrameworksBuildPhase;
			buildActionMask = 2147483647;
			files = (
			);
			runOnlyForDeploymentPostprocessing = 0;
		};
/* End PBXFrameworksBuildPhase section */

/* Begin PBXGroup section */
		6A42A9BD21C32DDE007FE93F = {
			isa = PBXGroup;
			children = (
				6A42A9C821C32DDE007FE93F /* Ta No Mapa */,
				6A42A9C721C32DDE007FE93F /* Products */,
			);
			sourceTree = "<group>";
		};
		6A42A9C721C32DDE007FE93F /* Products */ = {
			isa = PBXGroup;
			children = (
				6A42A9C621C32DDE007FE93F /* Ta No Mapa.app */,
			);
			name = Products;
			sourceTree = "<group>";
		};
		6A42A9C821C32DDE007FE93F /* Ta No Mapa */ = {
			isa = PBXGroup;
			children = (
				6A42A9C921C32DDE007FE93F /* AppDelegate.swift */,
				6A42A9DE21C32DFB007FE93F /* Model */,
				6A42A9DF21C32E04007FE93F /* View */,
				6A42A9E021C32E0B007FE93F /* Controller */,
				6A42A9E121C32E32007FE93F /* Assets */,
				6A42A9E221C32E3D007FE93F /* Supporting Files */,
				6A42A9D821C32DE2007FE93F /* Info.plist */,
				6A42A9D021C32DDE007FE93F /* Ta_No_Mapa.xcdatamodeld */,
				6A6FB31F21C3DEA200CEA22A /* GCDBlackBox.swift */,
			);
			path = "Ta No Mapa";
			sourceTree = "<group>";
		};
		6A42A9DE21C32DFB007FE93F /* Model */ = {
			isa = PBXGroup;
			children = (
				6A6FB32B21C438CF00CEA22A /* ParseClient.swift */,
				6A42A9E421C33567007FE93F /* OTMClient.swift */,
				6A6FB31D21C3DDA500CEA22A /* OTMConstants.swift */,
				6A6FB32921C4366B00CEA22A /* ParseStudents.swift */,
				6A6FB32D21C43ABB00CEA22A /* ParseConstants.swift */,
			);
			path = Model;
			sourceTree = "<group>";
		};
		6A42A9DF21C32E04007FE93F /* View */ = {
			isa = PBXGroup;
			children = (
				6A6FB32321C4007500CEA22A /* Modal.swift */,
				6A6FB32521C4008C00CEA22A /* CustomAlertView.swift */,
			);
			path = View;
			sourceTree = "<group>";
		};
		6A42A9E021C32E0B007FE93F /* Controller */ = {
			isa = PBXGroup;
			children = (
				6A42A9CB21C32DDE007FE93F /* LoginViewController.swift */,
				6A6FB32121C3F9C500CEA22A /* SignupViewController.swift */,
				6A6FB32721C4259F00CEA22A /* MapViewController.swift */,
				6A34425C21DBC3D800C92756 /* StudentsListViewController.swift */,
				6A418D2221E58B7800604E5F /* AddLocationViewController.swift */,
			);
			path = Controller;
			sourceTree = "<group>";
		};
		6A42A9E121C32E32007FE93F /* Assets */ = {
			isa = PBXGroup;
			children = (
				6A42A9CD21C32DDE007FE93F /* Main.storyboard */,
				6A42A9D521C32DE2007FE93F /* LaunchScreen.storyboard */,
				6A42A9D321C32DE2007FE93F /* Assets.xcassets */,
			);
			path = Assets;
			sourceTree = "<group>";
		};
		6A42A9E221C32E3D007FE93F /* Supporting Files */ = {
			isa = PBXGroup;
			children = (
			);
			path = "Supporting Files";
			sourceTree = "<group>";
		};
/* End PBXGroup section */

/* Begin PBXNativeTarget section */
		6A42A9C521C32DDE007FE93F /* Ta No Mapa */ = {
			isa = PBXNativeTarget;
			buildConfigurationList = 6A42A9DB21C32DE2007FE93F /* Build configuration list for PBXNativeTarget "Ta No Mapa" */;
			buildPhases = (
				6A42A9C221C32DDE007FE93F /* Sources */,
				6A42A9C321C32DDE007FE93F /* Frameworks */,
				6A42A9C421C32DDE007FE93F /* Resources */,
			);
			buildRules = (
			);
			dependencies = (
			);
			name = "Ta No Mapa";
			productName = "Ta No Mapa";
			productReference = 6A42A9C621C32DDE007FE93F /* Ta No Mapa.app */;
			productType = "com.apple.product-type.application";
		};
/* End PBXNativeTarget section */

/* Begin PBXProject section */
		6A42A9BE21C32DDE007FE93F /* Project object */ = {
			isa = PBXProject;
			attributes = {
				LastSwiftUpdateCheck = 1010;
				LastUpgradeCheck = 1010;
				ORGANIZATIONNAME = "Lucas Daniel";
				TargetAttributes = {
					6A42A9C521C32DDE007FE93F = {
						CreatedOnToolsVersion = 10.1;
					};
				};
			};
			buildConfigurationList = 6A42A9C121C32DDE007FE93F /* Build configuration list for PBXProject "Ta No Mapa" */;
			compatibilityVersion = "Xcode 9.3";
			developmentRegion = en;
			hasScannedForEncodings = 0;
			knownRegions = (
				en,
				Base,
			);
			mainGroup = 6A42A9BD21C32DDE007FE93F;
			productRefGroup = 6A42A9C721C32DDE007FE93F /* Products */;
			projectDirPath = "";
			projectRoot = "";
			targets = (
				6A42A9C521C32DDE007FE93F /* Ta No Mapa */,
			);
		};
/* End PBXProject section */

/* Begin PBXResourcesBuildPhase section */
		6A42A9C421C32DDE007FE93F /* Resources */ = {
			isa = PBXResourcesBuildPhase;
			buildActionMask = 2147483647;
			files = (
				6A42A9D721C32DE2007FE93F /* LaunchScreen.storyboard in Resources */,
				6A42A9D421C32DE2007FE93F /* Assets.xcassets in Resources */,
				6A42A9CF21C32DDE007FE93F /* Main.storyboard in Resources */,
			);
			runOnlyForDeploymentPostprocessing = 0;
		};
/* End PBXResourcesBuildPhase section */

/* Begin PBXSourcesBuildPhase section */
		6A42A9C221C32DDE007FE93F /* Sources */ = {
			isa = PBXSourcesBuildPhase;
			buildActionMask = 2147483647;
			files = (
				6A42A9CC21C32DDE007FE93F /* LoginViewController.swift in Sources */,
				6A6FB32221C3F9C500CEA22A /* SignupViewController.swift in Sources */,
				6A42A9E521C33567007FE93F /* OTMClient.swift in Sources */,
				6A6FB32821C4259F00CEA22A /* MapViewController.swift in Sources */,
				6A6FB32A21C4366B00CEA22A /* ParseStudents.swift in Sources */,
				6A6FB32621C4008C00CEA22A /* CustomAlertView.swift in Sources */,
				6A6FB32C21C438CF00CEA22A /* ParseClient.swift in Sources */,
				6A6FB32421C4007500CEA22A /* Modal.swift in Sources */,
				6A34425D21DBC3D800C92756 /* StudentsListViewController.swift in Sources */,
				6A6FB32E21C43ABB00CEA22A /* ParseConstants.swift in Sources */,
				6A418D2321E58B7800604E5F /* AddLocationViewController.swift in Sources */,
				6A42A9CA21C32DDE007FE93F /* AppDelegate.swift in Sources */,
				6A6FB31E21C3DDA500CEA22A /* OTMConstants.swift in Sources */,
				6A6FB32021C3DEA200CEA22A /* GCDBlackBox.swift in Sources */,
				6A42A9D221C32DDE007FE93F /* Ta_No_Mapa.xcdatamodeld in Sources */,
			);
			runOnlyForDeploymentPostprocessing = 0;
		};
/* End PBXSourcesBuildPhase section */

/* Begin PBXVariantGroup section */
		6A42A9CD21C32DDE007FE93F /* Main.storyboard */ = {
			isa = PBXVariantGroup;
			children = (
				6A42A9CE21C32DDE007FE93F /* Base */,
			);
			name = Main.storyboard;
			sourceTree = "<group>";
		};
		6A42A9D521C32DE2007FE93F /* LaunchScreen.storyboard */ = {
			isa = PBXVariantGroup;
			children = (
				6A42A9D621C32DE2007FE93F /* Base */,
			);
			name = LaunchScreen.storyboard;
			sourceTree = "<group>";
		};
/* End PBXVariantGroup section */

/* Begin XCBuildConfiguration section */
		6A42A9D921C32DE2007FE93F /* Debug */ = {
			isa = XCBuildConfiguration;
			buildSettings = {
				ALWAYS_SEARCH_USER_PATHS = NO;
				CLANG_ANALYZER_NONNULL = YES;
				CLANG_ANALYZER_NUMBER_OBJECT_CONVERSION = YES_AGGRESSIVE;
				CLANG_CXX_LANGUAGE_STANDARD = "gnu++14";
				CLANG_CXX_LIBRARY = "libc++";
				CLANG_ENABLE_MODULES = YES;
				CLANG_ENABLE_OBJC_ARC = YES;
				CLANG_ENABLE_OBJC_WEAK = YES;
				CLANG_WARN_BLOCK_CAPTURE_AUTORELEASING = YES;
				CLANG_WARN_BOOL_CONVERSION = YES;
				CLANG_WARN_COMMA = YES;
				CLANG_WARN_CONSTANT_CONVERSION = YES;
				CLANG_WARN_DEPRECATED_OBJC_IMPLEMENTATIONS = YES;
				CLANG_WARN_DIRECT_OBJC_ISA_USAGE = YES_ERROR;
				CLANG_WARN_DOCUMENTATION_COMMENTS = YES;
				CLANG_WARN_EMPTY_BODY = YES;
				CLANG_WARN_ENUM_CONVERSION = YES;
				CLANG_WARN_INFINITE_RECURSION = YES;
				CLANG_WARN_INT_CONVERSION = YES;
				CLANG_WARN_NON_LITERAL_NULL_CONVERSION = YES;
				CLANG_WARN_OBJC_IMPLICIT_RETAIN_SELF = YES;
				CLANG_WARN_OBJC_LITERAL_CONVERSION = YES;
				CLANG_WARN_OBJC_ROOT_CLASS = YES_ERROR;
				CLANG_WARN_RANGE_LOOP_ANALYSIS = YES;
				CLANG_WARN_STRICT_PROTOTYPES = YES;
				CLANG_WARN_SUSPICIOUS_MOVE = YES;
				CLANG_WARN_UNGUARDED_AVAILABILITY = YES_AGGRESSIVE;
				CLANG_WARN_UNREACHABLE_CODE = YES;
				CLANG_WARN__DUPLICATE_METHOD_MATCH = YES;
				CODE_SIGN_IDENTITY = "iPhone Developer";
				COPY_PHASE_STRIP = NO;
				DEBUG_INFORMATION_FORMAT = dwarf;
				ENABLE_STRICT_OBJC_MSGSEND = YES;
				ENABLE_TESTABILITY = YES;
				GCC_C_LANGUAGE_STANDARD = gnu11;
				GCC_DYNAMIC_NO_PIC = NO;
				GCC_NO_COMMON_BLOCKS = YES;
				GCC_OPTIMIZATION_LEVEL = 0;
				GCC_PREPROCESSOR_DEFINITIONS = (
					"DEBUG=1",
					"$(inherited)",
				);
				GCC_WARN_64_TO_32_BIT_CONVERSION = YES;
				GCC_WARN_ABOUT_RETURN_TYPE = YES_ERROR;
				GCC_WARN_UNDECLARED_SELECTOR = YES;
				GCC_WARN_UNINITIALIZED_AUTOS = YES_AGGRESSIVE;
				GCC_WARN_UNUSED_FUNCTION = YES;
				GCC_WARN_UNUSED_VARIABLE = YES;
				IPHONEOS_DEPLOYMENT_TARGET = 12.1;
				MTL_ENABLE_DEBUG_INFO = INCLUDE_SOURCE;
				MTL_FAST_MATH = YES;
				ONLY_ACTIVE_ARCH = YES;
				SDKROOT = iphoneos;
				SWIFT_ACTIVE_COMPILATION_CONDITIONS = DEBUG;
				SWIFT_OPTIMIZATION_LEVEL = "-Onone";
			};
			name = Debug;
		};
		6A42A9DA21C32DE2007FE93F /* Release */ = {
			isa = XCBuildConfiguration;
			buildSettings = {
				ALWAYS_SEARCH_USER_PATHS = NO;
				CLANG_ANALYZER_NONNULL = YES;
				CLANG_ANALYZER_NUMBER_OBJECT_CONVERSION = YES_AGGRESSIVE;
				CLANG_CXX_LANGUAGE_STANDARD = "gnu++14";
				CLANG_CXX_LIBRARY = "libc++";
				CLANG_ENABLE_MODULES = YES;
				CLANG_ENABLE_OBJC_ARC = YES;
				CLANG_ENABLE_OBJC_WEAK = YES;
				CLANG_WARN_BLOCK_CAPTURE_AUTORELEASING = YES;
				CLANG_WARN_BOOL_CONVERSION = YES;
				CLANG_WARN_COMMA = YES;
				CLANG_WARN_CONSTANT_CONVERSION = YES;
				CLANG_WARN_DEPRECATED_OBJC_IMPLEMENTATIONS = YES;
				CLANG_WARN_DIRECT_OBJC_ISA_USAGE = YES_ERROR;
				CLANG_WARN_DOCUMENTATION_COMMENTS = YES;
				CLANG_WARN_EMPTY_BODY = YES;
				CLANG_WARN_ENUM_CONVERSION = YES;
				CLANG_WARN_INFINITE_RECURSION = YES;
				CLANG_WARN_INT_CONVERSION = YES;
				CLANG_WARN_NON_LITERAL_NULL_CONVERSION = YES;
				CLANG_WARN_OBJC_IMPLICIT_RETAIN_SELF = YES;
				CLANG_WARN_OBJC_LITERAL_CONVERSION = YES;
				CLANG_WARN_OBJC_ROOT_CLASS = YES_ERROR;
				CLANG_WARN_RANGE_LOOP_ANALYSIS = YES;
				CLANG_WARN_STRICT_PROTOTYPES = YES;
				CLANG_WARN_SUSPICIOUS_MOVE = YES;
				CLANG_WARN_UNGUARDED_AVAILABILITY = YES_AGGRESSIVE;
				CLANG_WARN_UNREACHABLE_CODE = YES;
				CLANG_WARN__DUPLICATE_METHOD_MATCH = YES;
				CODE_SIGN_IDENTITY = "iPhone Developer";
				COPY_PHASE_STRIP = NO;
				DEBUG_INFORMATION_FORMAT = "dwarf-with-dsym";
				ENABLE_NS_ASSERTIONS = NO;
				ENABLE_STRICT_OBJC_MSGSEND = YES;
				GCC_C_LANGUAGE_STANDARD = gnu11;
				GCC_NO_COMMON_BLOCKS = YES;
				GCC_WARN_64_TO_32_BIT_CONVERSION = YES;
				GCC_WARN_ABOUT_RETURN_TYPE = YES_ERROR;
				GCC_WARN_UNDECLARED_SELECTOR = YES;
				GCC_WARN_UNINITIALIZED_AUTOS = YES_AGGRESSIVE;
				GCC_WARN_UNUSED_FUNCTION = YES;
				GCC_WARN_UNUSED_VARIABLE = YES;
				IPHONEOS_DEPLOYMENT_TARGET = 12.1;
				MTL_ENABLE_DEBUG_INFO = NO;
				MTL_FAST_MATH = YES;
				SDKROOT = iphoneos;
				SWIFT_COMPILATION_MODE = wholemodule;
				SWIFT_OPTIMIZATION_LEVEL = "-O";
				VALIDATE_PRODUCT = YES;
			};
			name = Release;
		};
		6A42A9DC21C32DE2007FE93F /* Debug */ = {
			isa = XCBuildConfiguration;
			buildSettings = {
				ASSETCATALOG_COMPILER_APPICON_NAME = AppIcon;
				CODE_SIGN_STYLE = Automatic;
				DEVELOPMENT_TEAM = 5KRGYLJC7Z;
				INFOPLIST_FILE = "Ta No Mapa/Info.plist";
				LD_RUNPATH_SEARCH_PATHS = (
					"$(inherited)",
					"@executable_path/Frameworks",
				);
				PRODUCT_BUNDLE_IDENTIFIER = "com.app.Ta-No-Mapa";
				PRODUCT_NAME = "$(TARGET_NAME)";
				SWIFT_VERSION = 4.2;
				TARGETED_DEVICE_FAMILY = "1,2";
			};
			name = Debug;
		};
		6A42A9DD21C32DE2007FE93F /* Release */ = {
			isa = XCBuildConfiguration;
			buildSettings = {
				ASSETCATALOG_COMPILER_APPICON_NAME = AppIcon;
				CODE_SIGN_STYLE = Automatic;
				DEVELOPMENT_TEAM = 5KRGYLJC7Z;
				INFOPLIST_FILE = "Ta No Mapa/Info.plist";
				LD_RUNPATH_SEARCH_PATHS = (
					"$(inherited)",
					"@executable_path/Frameworks",
				);
				PRODUCT_BUNDLE_IDENTIFIER = "com.app.Ta-No-Mapa";
				PRODUCT_NAME = "$(TARGET_NAME)";
				SWIFT_VERSION = 4.2;
				TARGETED_DEVICE_FAMILY = "1,2";
			};
			name = Release;
		};
/* End XCBuildConfiguration section */

/* Begin XCConfigurationList section */
		6A42A9C121C32DDE007FE93F /* Build configuration list for PBXProject "Ta No Mapa" */ = {
			isa = XCConfigurationList;
			buildConfigurations = (
				6A42A9D921C32DE2007FE93F /* Debug */,
				6A42A9DA21C32DE2007FE93F /* Release */,
			);
			defaultConfigurationIsVisible = 0;
			defaultConfigurationName = Release;
		};
		6A42A9DB21C32DE2007FE93F /* Build configuration list for PBXNativeTarget "Ta No Mapa" */ = {
			isa = XCConfigurationList;
			buildConfigurations = (
				6A42A9DC21C32DE2007FE93F /* Debug */,
				6A42A9DD21C32DE2007FE93F /* Release */,
			);
			defaultConfigurationIsVisible = 0;
			defaultConfigurationName = Release;
		};
/* End XCConfigurationList section */

/* Begin XCVersionGroup section */
		6A42A9D021C32DDE007FE93F /* Ta_No_Mapa.xcdatamodeld */ = {
			isa = XCVersionGroup;
			children = (
				6A42A9D121C32DDE007FE93F /* Ta_No_Mapa.xcdatamodel */,
			);
			currentVersion = 6A42A9D121C32DDE007FE93F /* Ta_No_Mapa.xcdatamodel */;
			path = Ta_No_Mapa.xcdatamodeld;
			sourceTree = "<group>";
			versionGroupType = wrapper.xcdatamodel;
		};
/* End XCVersionGroup section */
	};
	rootObject = 6A42A9BE21C32DDE007FE93F /* Project object */;
}
